
Microsoft Visual Studio Solution File, Format Version 12.00
# Visual Studio Version 17
VisualStudioVersion = 17.10.35122.118
MinimumVisualStudioVersion = 10.0.40219.1
Project("{FAE04EC0-301F-11D3-BF4B-00C04F79EFBC}") = "MinecraftBreedingCalculatorGui", "MinecraftBreedingCalculatorGui.csproj", "{6C757826-162F-4B7C-B60C-78079F20913C}"
EndProject
Global
	GlobalSection(SolutionConfigurationPlatforms) = preSolution
		Debug|Any CPU = Debug|Any CPU
		Release|Any CPU = Release|Any CPU
	EndGlobalSection
	GlobalSection(ProjectConfigurationPlatforms) = postSolution
		{6C757826-162F-4B7C-B60C-78079F20913C}.Debug|Any CPU.ActiveCfg = Debug|Any CPU
		{6C757826-162F-4B7C-B60C-78079F20913C}.Debug|Any CPU.Build.0 = Debug|Any CPU
		{6C757826-162F-4B7C-B60C-78079F20913C}.Release|Any CPU.ActiveCfg = Release|Any CPU
		{6C757826-162F-4B7C-B60C-78079F20913C}.Release|Any CPU.Build.0 = Release|Any CPU
	EndGlobalSection
	GlobalSection(SolutionProperties) = preSolution
		HideSolutionNode = FALSE
	EndGlobalSection
	GlobalSection(ExtensibilityGlobals) = postSolution
		SolutionGuid = {51C069BD-1C0A-46C8-A8D8-FCD5ABEDC266}
	EndGlobalSection
EndGlobal
